
Microsoft Visual Studio Solution File, Format Version 12.00
# Visual Studio Version 16
VisualStudioVersion = 16.0.29728.190
MinimumVisualStudioVersion = 10.0.40219.1
Project("{FAE04EC0-301F-11D3-BF4B-00C04F79EFBC}") = "LomConfig", "LomConfig\LomConfig.csproj", "{A6AA1F73-5DA8-4057-A708-918F75CF1061}"
EndProject
Global
	GlobalSection(SolutionConfigurationPlatforms) = preSolution
		Debug|Any CPU = Debug|Any CPU
		Release|Any CPU = Release|Any CPU
	EndGlobalSection
	GlobalSection(ProjectConfigurationPlatforms) = postSolution
		{A6AA1F73-5DA8-4057-A708-918F75CF1061}.Debug|Any CPU.ActiveCfg = Debug|Any CPU
		{A6AA1F73-5DA8-4057-A708-918F75CF1061}.Debug|Any CPU.Build.0 = Debug|Any CPU
		{A6AA1F73-5DA8-4057-A708-918F75CF1061}.Release|Any CPU.ActiveCfg = Release|Any CPU
		{A6AA1F73-5DA8-4057-A708-918F75CF1061}.Release|Any CPU.Build.0 = Release|Any CPU
	EndGlobalSection
	GlobalSection(SolutionProperties) = preSolution
		HideSolutionNode = FALSE
	EndGlobalSection
	GlobalSection(ExtensibilityGlobals) = postSolution
		SolutionGuid = {52CE37EB-F199-4F09-865F-1706DCBF9C99}
	EndGlobalSection
EndGlobal
